
Microsoft Visual Studio Solution File, Format Version 12.00
# Visual Studio Version 17
VisualStudioVersion = 17.0.32002.185
MinimumVisualStudioVersion = 10.0.40219.1
Project("{8BC9CEB8-8B4A-11D0-8D11-00A0C91BC942}") = "T44RT", "T44RT.vcxproj", "{15033772-B773-466D-8749-8278AFA489A6}"
EndProject
Global
	GlobalSection(SolutionConfigurationPlatforms) = preSolution
		Debug|x64 = Debug|x64
		Debug|x86 = Debug|x86
		Release|x64 = Release|x64
		Release|x86 = Release|x86
	EndGlobalSection
	GlobalSection(ProjectConfigurationPlatforms) = postSolution
		{15033772-B773-466D-8749-8278AFA489A6}.Debug|x64.ActiveCfg = Debug|x64
		{15033772-B773-466D-8749-8278AFA489A6}.Debug|x64.Build.0 = Debug|x64
		{15033772-B773-466D-8749-8278AFA489A6}.Debug|x86.ActiveCfg = Debug|Win32
		{15033772-B773-466D-8749-8278AFA489A6}.Debug|x86.Build.0 = Debug|Win32
		{15033772-B773-466D-8749-8278AFA489A6}.Release|x64.ActiveCfg = Release|x64
		{15033772-B773-466D-8749-8278AFA489A6}.Release|x64.Build.0 = Release|x64
		{15033772-B773-466D-8749-8278AFA489A6}.Release|x86.ActiveCfg = Release|Win32
		{15033772-B773-466D-8749-8278AFA489A6}.Release|x86.Build.0 = Release|Win32
	EndGlobalSection
	GlobalSection(SolutionProperties) = preSolution
		HideSolutionNode = FALSE
	EndGlobalSection
	GlobalSection(ExtensibilityGlobals) = postSolution
		SolutionGuid = {8F6EB0A0-E953-462B-B0C7-EB28FA1EC300}
	EndGlobalSection
EndGlobal
